
Microsoft Visual Studio Solution File, Format Version 12.00
# Visual Studio Version 17
VisualStudioVersion = 17.4.33205.214
MinimumVisualStudioVersion = 10.0.40219.1
Project("{FAE04EC0-301F-11D3-BF4B-00C04F79EFBC}") = "PrimeiroProjeto", "PrimeiroProjeto\PrimeiroProjeto.csproj", "{4D9A65EA-E06E-4C19-8446-5B3AA0E4531F}"
EndProject
Global
	GlobalSection(SolutionConfigurationPlatforms) = preSolution
		Debug|Any CPU = Debug|Any CPU
		Release|Any CPU = Release|Any CPU
	EndGlobalSection
	GlobalSection(ProjectConfigurationPlatforms) = postSolution
		{4D9A65EA-E06E-4C19-8446-5B3AA0E4531F}.Debug|Any CPU.ActiveCfg = Debug|Any CPU
		{4D9A65EA-E06E-4C19-8446-5B3AA0E4531F}.Debug|Any CPU.Build.0 = Debug|Any CPU
		{4D9A65EA-E06E-4C19-8446-5B3AA0E4531F}.Release|Any CPU.ActiveCfg = Release|Any CPU
		{4D9A65EA-E06E-4C19-8446-5B3AA0E4531F}.Release|Any CPU.Build.0 = Release|Any CPU
	EndGlobalSection
	GlobalSection(SolutionProperties) = preSolution
		HideSolutionNode = FALSE
	EndGlobalSection
	GlobalSection(ExtensibilityGlobals) = postSolution
		SolutionGuid = {06A81569-DA21-4244-B091-2801C96D58DD}
	EndGlobalSection
EndGlobal
